{
    "name": "nodejsDriverFindAndCursors",
    "version": "0.1.0",
    "lockfileVersion": 1,
    "requires": true,
    "dependencies": {
        "ansi-escape-sequences": {
            "version": "2.2.2",
            "resolved": "https://registry.npmjs.org/ansi-escape-sequences/-/ansi-escape-sequences-2.2.2.tgz",
            "integrity": "sha1-F0x41vi33nX4lXroHH9yIQxwFjU=",
            "requires": {
                "array-back": "1.0.4",
                "collect-all": "0.2.1"
            }
        },
        "array-back": {
            "version": "1.0.4",
            "resolved": "https://registry.npmjs.org/array-back/-/array-back-1.0.4.tgz",
            "integrity": "sha1-ZEun8JX3/898Q7Xw3DnTwfA8Bjs=",
            "requires": {
                "typical": "2.6.1"
            }
        },
        "bson": {
            "version": "1.0.4",
            "resolved": "https://registry.npmjs.org/bson/-/bson-1.0.4.tgz",
            "integrity": "sha1-k8ENOeqltYQVy8QFLz5T5WKwtyw="
        },
        "buffer-shims": {
            "version": "1.0.0",
            "resolved": "https://registry.npmjs.org/buffer-shims/-/buffer-shims-1.0.0.tgz",
            "integrity": "sha1-mXjOMXOIxkmth5MCjDR37wRKi1E="
        },
        "collect-all": {
            "version": "0.2.1",
            "resolved": "https://registry.npmjs.org/collect-all/-/collect-all-0.2.1.tgz",
            "integrity": "sha1-ciX7RYXCLU/6yIbwq69avFY6Gmo=",
            "requires": {
                "stream-connect": "1.0.2",
                "stream-via": "0.1.1",
                "typical": "2.6.1"
            }
        },
        "collect-json": {
            "version": "1.0.8",
            "resolved": "https://registry.npmjs.org/collect-json/-/collect-json-1.0.8.tgz",
            "integrity": "sha1-qi+lK00dlETOaQ8HoeNherdLuCc=",
            "requires": {
                "collect-all": "1.0.3",
                "stream-connect": "1.0.2",
                "stream-via": "1.0.4"
            },
            "dependencies": {
                "collect-all": {
                    "version": "1.0.3",
                    "resolved": "https://registry.npmjs.org/collect-all/-/collect-all-1.0.3.tgz",
                    "integrity": "sha512-0y0rBgoX8IzIjBAUnO73SEtSb4Mhk3IoceWJq5zZSxb9mWORhWH8xLYo4EDSOE1jRBk1LhmfjqWFFt10h/+MEA==",
                    "requires": {
                        "stream-connect": "1.0.2",
                        "stream-via": "1.0.4"
                    }
                },
                "stream-via": {
                    "version": "1.0.4",
                    "resolved": "https://registry.npmjs.org/stream-via/-/stream-via-1.0.4.tgz",
                    "integrity": "sha512-DBp0lSvX5G9KGRDTkR/R+a29H+Wk2xItOF+MpZLLNDWbEV9tGPnqLPxHEYjmiz8xGtJHRIqmI+hCjmNzqoA4nQ=="
                }
            }
        },
        "column-layout": {
            "version": "2.1.4",
            "resolved": "https://registry.npmjs.org/column-layout/-/column-layout-2.1.4.tgz",
            "integrity": "sha1-7ShXCSzPgzgCb+U4N52WctcLNkE=",
            "requires": {
                "ansi-escape-sequences": "2.2.2",
                "array-back": "1.0.4",
                "collect-json": "1.0.8",
                "command-line-args": "2.1.6",
                "core-js": "2.5.1",
                "deep-extend": "0.4.2",
                "feature-detect-es6": "1.3.1",
                "object-tools": "2.0.6",
                "typical": "2.6.1",
                "wordwrapjs": "1.2.1"
            }
        },
        "command-line-args": {
            "version": "2.1.6",
            "resolved": "https://registry.npmjs.org/command-line-args/-/command-line-args-2.1.6.tgz",
            "integrity": "sha1-8ZfW6v80yQhVd0hLKGQ3WylPVpc=",
            "requires": {
                "array-back": "1.0.4",
                "command-line-usage": "2.0.5",
                "core-js": "2.5.1",
                "feature-detect-es6": "1.3.1",
                "find-replace": "1.0.3",
                "typical": "2.6.1"
            }
        },
        "command-line-usage": {
            "version": "2.0.5",
            "resolved": "https://registry.npmjs.org/command-line-usage/-/command-line-usage-2.0.5.tgz",
            "integrity": "sha1-+Aw1yl6GJIQZI+o747m/v0974ns=",
            "requires": {
                "ansi-escape-sequences": "2.2.2",
                "array-back": "1.0.4",
                "column-layout": "2.1.4",
                "feature-detect-es6": "1.3.1",
                "typical": "2.6.1",
                "wordwrapjs": "1.2.1"
            }
        },
        "core-js": {
            "version": "2.5.1",
            "resolved": "https://registry.npmjs.org/core-js/-/core-js-2.5.1.tgz",
            "integrity": "sha1-rmh03GaTd4m4B1T/VCjfZoGcpQs="
        },
        "core-util-is": {
            "version": "1.0.2",
            "resolved": "https://registry.npmjs.org/core-util-is/-/core-util-is-1.0.2.tgz",
            "integrity": "sha1-tf1UIgqivFq1eqtxQMlAdUUDwac="
        },
        "deep-extend": {
            "version": "0.4.2",
            "resolved": "https://registry.npmjs.org/deep-extend/-/deep-extend-0.4.2.tgz",
            "integrity": "sha1-SLaZwn4zS/ifEIkr5DL25MfTSn8="
        },
        "es6-promise": {
            "version": "3.2.1",
            "resolved": "https://registry.npmjs.org/es6-promise/-/es6-promise-3.2.1.tgz",
            "integrity": "sha1-7FYjOGgDKQkgcXDDlEjiREndH8Q="
        },
        "feature-detect-es6": {
            "version": "1.3.1",
            "resolved": "https://registry.npmjs.org/feature-detect-es6/-/feature-detect-es6-1.3.1.tgz",
            "integrity": "sha1-+IhzavnLDJH1VmO/pHYuuW7nBH8=",
            "requires": {
                "array-back": "1.0.4"
            }
        },
        "find-replace": {
            "version": "1.0.3",
            "resolved": "https://registry.npmjs.org/find-replace/-/find-replace-1.0.3.tgz",
            "integrity": "sha1-uI5zZNLZyVlVnziMZmcNYTBEH6A=",
            "requires": {
                "array-back": "1.0.4",
                "test-value": "2.1.0"
            },
            "dependencies": {
                "test-value": {
                    "version": "2.1.0",
                    "resolved": "https://registry.npmjs.org/test-value/-/test-value-2.1.0.tgz",
                    "integrity": "sha1-Edpv9nDzRxpztiXKTz/c97t0gpE=",
                    "requires": {
                        "array-back": "1.0.4",
                        "typical": "2.6.1"
                    }
                }
            }
        },
        "inherits": {
            "version": "2.0.3",
            "resolved": "https://registry.npmjs.org/inherits/-/inherits-2.0.3.tgz",
            "integrity": "sha1-Yzwsg+PaQqUC9SRmAiSA9CCCYd4="
        },
        "isarray": {
            "version": "1.0.0",
            "resolved": "https://registry.npmjs.org/isarray/-/isarray-1.0.0.tgz",
            "integrity": "sha1-u5NdSFgsuhaMBoNJV6VKPgcSTxE="
        },
        "mongodb": {
            "version": "2.2.33",
            "resolved": "https://registry.npmjs.org/mongodb/-/mongodb-2.2.33.tgz",
            "integrity": "sha1-tTfEcdNKZlG0jzb9vyl1A0Dgi1A=",
            "requires": {
                "es6-promise": "3.2.1",
                "mongodb-core": "2.1.17",
                "readable-stream": "2.2.7"
            }
        },
        "mongodb-core": {
            "version": "2.1.17",
            "resolved": "https://registry.npmjs.org/mongodb-core/-/mongodb-core-2.1.17.tgz",
            "integrity": "sha1-pBizN6FKFJkPtRC5I97mqBMXPfg=",
            "requires": {
                "bson": "1.0.4",
                "require_optional": "1.0.1"
            }
        },
        "object-get": {
            "version": "2.1.0",
            "resolved": "https://registry.npmjs.org/object-get/-/object-get-2.1.0.tgz",
            "integrity": "sha1-ciu9tgA576R8rTxtws5RqFwCxa4="
        },
        "object-tools": {
            "version": "2.0.6",
            "resolved": "https://registry.npmjs.org/object-tools/-/object-tools-2.0.6.tgz",
            "integrity": "sha1-8/4cNQzaSm9dmdlkbcSJKgJHbd0=",
            "requires": {
                "array-back": "1.0.4",
                "collect-json": "1.0.8",
                "object-get": "2.1.0",
                "test-value": "1.1.0",
                "typical": "2.6.1"
            }
        },
        "process-nextick-args": {
            "version": "1.0.7",
            "resolved": "https://registry.npmjs.org/process-nextick-args/-/process-nextick-args-1.0.7.tgz",
            "integrity": "sha1-FQ4gt1ZZCtP5EJPyWk8q2L/zC6M="
        },
        "readable-stream": {
            "version": "2.2.7",
            "resolved": "https://registry.npmjs.org/readable-stream/-/readable-stream-2.2.7.tgz",
            "integrity": "sha1-BwV6y+JGeyIELTb5jFrVBwVOlbE=",
            "requires": {
                "buffer-shims": "1.0.0",
                "core-util-is": "1.0.2",
                "inherits": "2.0.3",
                "isarray": "1.0.0",
                "process-nextick-args": "1.0.7",
                "string_decoder": "1.0.3",
                "util-deprecate": "1.0.2"
            }
        },
        "require_optional": {
            "version": "1.0.1",
            "resolved": "https://registry.npmjs.org/require_optional/-/require_optional-1.0.1.tgz",
            "integrity": "sha512-qhM/y57enGWHAe3v/NcwML6a3/vfESLe/sGM2dII+gEO0BpKRUkWZow/tyloNqJyN6kXSl3RyyM8Ll5D/sJP8g==",
            "requires": {
                "resolve-from": "2.0.0",
                "semver": "5.4.1"
            }
        },
        "resolve-from": {
            "version": "2.0.0",
            "resolved": "https://registry.npmjs.org/resolve-from/-/resolve-from-2.0.0.tgz",
            "integrity": "sha1-lICrIOlP+h2egKgEx+oUdhGWa1c="
        },
        "safe-buffer": {
            "version": "5.1.1",
            "resolved": "https://registry.npmjs.org/safe-buffer/-/safe-buffer-5.1.1.tgz",
            "integrity": "sha512-kKvNJn6Mm93gAczWVJg7wH+wGYWNrDHdWvpUmHyEsgCtIwwo3bqPtV4tR5tuPaUhTOo/kvhVwd8XwwOllGYkbg=="
        },
        "semver": {
            "version": "5.4.1",
            "resolved": "https://registry.npmjs.org/semver/-/semver-5.4.1.tgz",
            "integrity": "sha512-WfG/X9+oATh81XtllIo/I8gOiY9EXRdv1cQdyykeXK17YcUW3EXUAi2To4pcH6nZtJPr7ZOpM5OMyWJZm+8Rsg=="
        },
        "stream-connect": {
            "version": "1.0.2",
            "resolved": "https://registry.npmjs.org/stream-connect/-/stream-connect-1.0.2.tgz",
            "integrity": "sha1-GLyB8u2zW4tdmoAJIAqYUxRCipc=",
            "requires": {
                "array-back": "1.0.4"
            }
        },
        "stream-via": {
            "version": "0.1.1",
            "resolved": "https://registry.npmjs.org/stream-via/-/stream-via-0.1.1.tgz",
            "integrity": "sha1-DO5d+clZ+x0/TtpIGfKJ1fkgWvw="
        },
        "string_decoder": {
            "version": "1.0.3",
            "resolved": "https://registry.npmjs.org/string_decoder/-/string_decoder-1.0.3.tgz",
            "integrity": "sha512-4AH6Z5fzNNBcH+6XDMfA/BTt87skxqJlO0lAh3Dker5zThcAxG6mKz+iGu308UKoPPQ8Dcqx/4JhujzltRa+hQ==",
            "requires": {
                "safe-buffer": "5.1.1"
            }
        },
        "test-value": {
            "version": "1.1.0",
            "resolved": "https://registry.npmjs.org/test-value/-/test-value-1.1.0.tgz",
            "integrity": "sha1-oJE29y7AQ9J8iTcHwrFZv6196T8=",
            "requires": {
                "array-back": "1.0.4",
                "typical": "2.6.1"
            }
        },
        "typical": {
            "version": "2.6.1",
            "resolved": "https://registry.npmjs.org/typical/-/typical-2.6.1.tgz",
            "integrity": "sha1-XAgOXWYcu+OCWdLnCjxyU+hziB0="
        },
        "util-deprecate": {
            "version": "1.0.2",
            "resolved": "https://registry.npmjs.org/util-deprecate/-/util-deprecate-1.0.2.tgz",
            "integrity": "sha1-RQ1Nyfpw3nMnYvvS1KKJgUGaDM8="
        },
        "wordwrapjs": {
            "version": "1.2.1",
            "resolved": "https://registry.npmjs.org/wordwrapjs/-/wordwrapjs-1.2.1.tgz",
            "integrity": "sha1-dUpeoGZM+/9QVA3DLWe9oyifw0s=",
            "requires": {
                "array-back": "1.0.4",
                "typical": "2.6.1"
            }
        }
    }
}
